
Microsoft Visual Studio Solution File, Format Version 12.00
# Visual Studio 15
VisualStudioVersion = 15.0.28307.902
MinimumVisualStudioVersion = 10.0.40219.1
Project("{FAE04EC0-301F-11D3-BF4B-00C04F79EFBC}") = "Laba1KCpart2", "Laba1KCpart2\Laba1KCpart2.csproj", "{0A01ACFB-37FD-4D3C-B55F-FC9B42AB2943}"
EndProject
Global
	GlobalSection(SolutionConfigurationPlatforms) = preSolution
		Debug|Any CPU = Debug|Any CPU
		Release|Any CPU = Release|Any CPU
	EndGlobalSection
	GlobalSection(ProjectConfigurationPlatforms) = postSolution
		{0A01ACFB-37FD-4D3C-B55F-FC9B42AB2943}.Debug|Any CPU.ActiveCfg = Debug|Any CPU
		{0A01ACFB-37FD-4D3C-B55F-FC9B42AB2943}.Debug|Any CPU.Build.0 = Debug|Any CPU
		{0A01ACFB-37FD-4D3C-B55F-FC9B42AB2943}.Release|Any CPU.ActiveCfg = Release|Any CPU
		{0A01ACFB-37FD-4D3C-B55F-FC9B42AB2943}.Release|Any CPU.Build.0 = Release|Any CPU
	EndGlobalSection
	GlobalSection(SolutionProperties) = preSolution
		HideSolutionNode = FALSE
	EndGlobalSection
	GlobalSection(ExtensibilityGlobals) = postSolution
		SolutionGuid = {39E34440-1566-4F2D-AA65-39E16FF0A8C2}
	EndGlobalSection
EndGlobal
